{
  "version": "4",
  "specifiers": {
    "jsr:@mary/jsx@*": "0.1.0",
    "jsr:@std/encoding@*": "1.0.6",
    "npm:csstype@^3.1.3": "3.1.3",
    "npm:culori@*": "4.0.1",
    "npm:html-minifier-terser@*": "7.2.0",
    "npm:lightningcss@*": "1.27.0",
    "npm:prettier@*": "3.4.2"
  },
  "jsr": {
    "@mary/jsx@0.1.0": {
      "integrity": "900f04f5327263930f8a34e09389d3c7171b799e51c765737d8c5f47ca20a3f1",
      "dependencies": [
        "npm:csstype"
      ]
    },
    "@std/encoding@1.0.6": {
      "integrity": "ca87122c196e8831737d9547acf001766618e78cd8c33920776c7f5885546069"
    }
  },
  "npm": {
    "@jridgewell/gen-mapping@0.3.5": {
      "integrity": "sha512-IzL8ZoEDIBRWEzlCcRhOaCupYyN5gdIK+Q6fbFdPDg6HqX6jpkItn7DFIpW9LQzXG6Df9sA7+OKnq0qlz/GaQg==",
      "dependencies": [
        "@jridgewell/set-array",
        "@jridgewell/sourcemap-codec",
        "@jridgewell/trace-mapping"
      ]
    },
    "@jridgewell/resolve-uri@3.1.2": {
      "integrity": "sha512-bRISgCIjP20/tbWSPWMEi54QVPRZExkuD9lJL+UIxUKtwVJA8wW1Trb1jMs1RFXo1CBTNZ/5hpC9QvmKWdopKw=="
    },
    "@jridgewell/set-array@1.2.1": {
      "integrity": "sha512-R8gLRTZeyp03ymzP/6Lil/28tGeGEzhx1q2k703KGWRAI1VdvPIXdG70VJc2pAMw3NA6JKL5hhFu1sJX0Mnn/A=="
    },
    "@jridgewell/source-map@0.3.6": {
      "integrity": "sha512-1ZJTZebgqllO79ue2bm3rIGud/bOe0pP5BjSRCRxxYkEZS8STV7zN84UBbiYu7jy+eCKSnVIUgoWWE/tt+shMQ==",
      "dependencies": [
        "@jridgewell/gen-mapping",
        "@jridgewell/trace-mapping"
      ]
    },
    "@jridgewell/sourcemap-codec@1.5.0": {
      "integrity": "sha512-gv3ZRaISU3fjPAgNsriBRqGWQL6quFx04YMPW/zD8XMLsU32mhCCbfbO6KZFLjvYpCZ8zyDEgqsgf+PwPaM7GQ=="
    },
    "@jridgewell/trace-mapping@0.3.25": {
      "integrity": "sha512-vNk6aEwybGtawWmy/PzwnGDOjCkLWSD2wqvjGGAgOAwCGWySYXfYoxt00IJkTF+8Lb57DwOb3Aa0o9CApepiYQ==",
      "dependencies": [
        "@jridgewell/resolve-uri",
        "@jridgewell/sourcemap-codec"
      ]
    },
    "acorn@8.12.1": {
      "integrity": "sha512-tcpGyI9zbizT9JbV6oYE477V6mTlXvvi0T0G3SNIYE2apm/G5huBa1+K89VGeovbg+jycCrfhl3ADxErOuO6Jg=="
    },
    "buffer-from@1.1.2": {
      "integrity": "sha512-E+XQCRwSbaaiChtv6k6Dwgc+bx+Bs6vuKJHHl5kox/BaKbhiXzqQOwK4cO22yElGp2OCmjwVhT3HmxgyPGnJfQ=="
    },
    "camel-case@4.1.2": {
      "integrity": "sha512-gxGWBrTT1JuMx6R+o5PTXMmUnhnVzLQ9SNutD4YqKtI6ap897t3tKECYla6gCWEkplXnlNybEkZg9GEGxKFCgw==",
      "dependencies": [
        "pascal-case",
        "tslib"
      ]
    },
    "clean-css@5.3.3": {
      "integrity": "sha512-D5J+kHaVb/wKSFcyyV75uCn8fiY4sV38XJoe4CUyGQ+mOU/fMVYUdH1hJC+CJQ5uY3EnW27SbJYS4X8BiLrAFg==",
      "dependencies": [
        "source-map"
      ]
    },
    "commander@10.0.1": {
      "integrity": "sha512-y4Mg2tXshplEbSGzx7amzPwKKOCGuoSRP/CjEdwwk0FOGlUbq6lKuoyDZTNZkmxHdJtp54hdfY/JUrdL7Xfdug=="
    },
    "commander@2.20.3": {
      "integrity": "sha512-GpVkmM8vF2vQUkj2LvZmD35JxeJOLCwJ9cUkugyk2nuhbv3+mJvpLYYt+0+USMxE+oj+ey/lJEnhZw75x/OMcQ=="
    },
    "csstype@3.1.3": {
      "integrity": "sha512-M1uQkMl8rQK/szD0LNhtqxIPLpimGm8sOBwU7lLnCpSbTyY3yeU1Vc7l4KT5zT4s/yOxHH5O7tIuuLOCnLADRw=="
    },
    "culori@4.0.1": {
      "integrity": "sha512-LSnjA6HuIUOlkfKVbzi2OlToZE8OjFi667JWN9qNymXVXzGDmvuP60SSgC+e92sd7B7158f7Fy3Mb6rXS5EDPw=="
    },
    "detect-libc@1.0.3": {
      "integrity": "sha512-pGjwhsmsp4kL2RTz08wcOlGN83otlqHeD/Z5T8GXZB+/YcpQ/dgo+lbU8ZsGxV0HIvqqxo9l7mqYwyYMD9bKDg=="
    },
    "dot-case@3.0.4": {
      "integrity": "sha512-Kv5nKlh6yRrdrGvxeJ2e5y2eRUpkUosIW4A2AS38zwSz27zu7ufDwQPi5Jhs3XAlGNetl3bmnGhQsMtkKJnj3w==",
      "dependencies": [
        "no-case",
        "tslib"
      ]
    },
    "entities@4.5.0": {
      "integrity": "sha512-V0hjH4dGPh9Ao5p0MoRY6BVqtwCjhz6vI5LT8AJ55H+4g9/4vbHx1I54fS0XuclLhDHArPQCiMjDxjaL8fPxhw=="
    },
    "html-minifier-terser@7.2.0": {
      "integrity": "sha512-tXgn3QfqPIpGl9o+K5tpcj3/MN4SfLtsx2GWwBC3SSd0tXQGyF3gsSqad8loJgKZGM3ZxbYDd5yhiBIdWpmvLA==",
      "dependencies": [
        "camel-case",
        "clean-css",
        "commander@10.0.1",
        "entities",
        "param-case",
        "relateurl",
        "terser"
      ]
    },
    "lightningcss-darwin-arm64@1.27.0": {
      "integrity": "sha512-Gl/lqIXY+d+ySmMbgDf0pgaWSqrWYxVHoc88q+Vhf2YNzZ8DwoRzGt5NZDVqqIW5ScpSnmmjcgXP87Dn2ylSSQ=="
    },
    "lightningcss-darwin-x64@1.27.0": {
      "integrity": "sha512-0+mZa54IlcNAoQS9E0+niovhyjjQWEMrwW0p2sSdLRhLDc8LMQ/b67z7+B5q4VmjYCMSfnFi3djAAQFIDuj/Tg=="
    },
    "lightningcss-freebsd-x64@1.27.0": {
      "integrity": "sha512-n1sEf85fePoU2aDN2PzYjoI8gbBqnmLGEhKq7q0DKLj0UTVmOTwDC7PtLcy/zFxzASTSBlVQYJUhwIStQMIpRA=="
    },
    "lightningcss-linux-arm-gnueabihf@1.27.0": {
      "integrity": "sha512-MUMRmtdRkOkd5z3h986HOuNBD1c2lq2BSQA1Jg88d9I7bmPGx08bwGcnB75dvr17CwxjxD6XPi3Qh8ArmKFqCA=="
    },
    "lightningcss-linux-arm64-gnu@1.27.0": {
      "integrity": "sha512-cPsxo1QEWq2sfKkSq2Bq5feQDHdUEwgtA9KaB27J5AX22+l4l0ptgjMZZtYtUnteBofjee+0oW1wQ1guv04a7A=="
    },
    "lightningcss-linux-arm64-musl@1.27.0": {
      "integrity": "sha512-rCGBm2ax7kQ9pBSeITfCW9XSVF69VX+fm5DIpvDZQl4NnQoMQyRwhZQm9pd59m8leZ1IesRqWk2v/DntMo26lg=="
    },
    "lightningcss-linux-x64-gnu@1.27.0": {
      "integrity": "sha512-Dk/jovSI7qqhJDiUibvaikNKI2x6kWPN79AQiD/E/KeQWMjdGe9kw51RAgoWFDi0coP4jinaH14Nrt/J8z3U4A=="
    },
    "lightningcss-linux-x64-musl@1.27.0": {
      "integrity": "sha512-QKjTxXm8A9s6v9Tg3Fk0gscCQA1t/HMoF7Woy1u68wCk5kS4fR+q3vXa1p3++REW784cRAtkYKrPy6JKibrEZA=="
    },
    "lightningcss-win32-arm64-msvc@1.27.0": {
      "integrity": "sha512-/wXegPS1hnhkeG4OXQKEMQeJd48RDC3qdh+OA8pCuOPCyvnm/yEayrJdJVqzBsqpy1aJklRCVxscpFur80o6iQ=="
    },
    "lightningcss-win32-x64-msvc@1.27.0": {
      "integrity": "sha512-/OJLj94Zm/waZShL8nB5jsNj3CfNATLCTyFxZyouilfTmSoLDX7VlVAmhPHoZWVFp4vdmoiEbPEYC8HID3m6yw=="
    },
    "lightningcss@1.27.0": {
      "integrity": "sha512-8f7aNmS1+etYSLHht0fQApPc2kNO8qGRutifN5rVIc6Xo6ABsEbqOr758UwI7ALVbTt4x1fllKt0PYgzD9S3yQ==",
      "dependencies": [
        "detect-libc",
        "lightningcss-darwin-arm64",
        "lightningcss-darwin-x64",
        "lightningcss-freebsd-x64",
        "lightningcss-linux-arm-gnueabihf",
        "lightningcss-linux-arm64-gnu",
        "lightningcss-linux-arm64-musl",
        "lightningcss-linux-x64-gnu",
        "lightningcss-linux-x64-musl",
        "lightningcss-win32-arm64-msvc",
        "lightningcss-win32-x64-msvc"
      ]
    },
    "lower-case@2.0.2": {
      "integrity": "sha512-7fm3l3NAF9WfN6W3JOmf5drwpVqX78JtoGJ3A6W0a6ZnldM41w2fV5D490psKFTpMds8TJse/eHLFFsNHHjHgg==",
      "dependencies": [
        "tslib"
      ]
    },
    "no-case@3.0.4": {
      "integrity": "sha512-fgAN3jGAh+RoxUGZHTSOLJIqUc2wmoBwGR4tbpNAKmmovFoWq0OdRkb0VkldReO2a2iBT/OEulG9XSUc10r3zg==",
      "dependencies": [
        "lower-case",
        "tslib"
      ]
    },
    "param-case@3.0.4": {
      "integrity": "sha512-RXlj7zCYokReqWpOPH9oYivUzLYZ5vAPIfEmCTNViosC78F8F0H9y7T7gG2M39ymgutxF5gcFEsyZQSph9Bp3A==",
      "dependencies": [
        "dot-case",
        "tslib"
      ]
    },
    "pascal-case@3.1.2": {
      "integrity": "sha512-uWlGT3YSnK9x3BQJaOdcZwrnV6hPpd8jFH1/ucpiLRPh/2zCVJKS19E4GvYHvaCcACn3foXZ0cLB9Wrx1KGe5g==",
      "dependencies": [
        "no-case",
        "tslib"
      ]
    },
    "prettier@3.4.2": {
      "integrity": "sha512-e9MewbtFo+Fevyuxn/4rrcDAaq0IYxPGLvObpQjiZBMAzB9IGmzlnG9RZy3FFas+eBMu2vA0CszMeduow5dIuQ=="
    },
    "relateurl@0.2.7": {
      "integrity": "sha512-G08Dxvm4iDN3MLM0EsP62EDV9IuhXPR6blNz6Utcp7zyV3tr4HVNINt6MpaRWbxoOHT3Q7YN2P+jaHX8vUbgog=="
    },
    "source-map-support@0.5.21": {
      "integrity": "sha512-uBHU3L3czsIyYXKX88fdrGovxdSCoTGDRZ6SYXtSRxLZUzHg5P/66Ht6uoUlHu9EZod+inXhKo3qQgwXUT/y1w==",
      "dependencies": [
        "buffer-from",
        "source-map"
      ]
    },
    "source-map@0.6.1": {
      "integrity": "sha512-UjgapumWlbMhkBgzT7Ykc5YXUT46F0iKu8SGXq0bcwP5dz/h0Plj6enJqjz1Zbq2l5WaqYnrVbwWOWMyF3F47g=="
    },
    "terser@5.32.0": {
      "integrity": "sha512-v3Gtw3IzpBJ0ugkxEX8U0W6+TnPKRRCWGh1jC/iM/e3Ki5+qvO1L1EAZ56bZasc64aXHwRHNIQEzm6//i5cemQ==",
      "dependencies": [
        "@jridgewell/source-map",
        "acorn",
        "commander@2.20.3",
        "source-map-support"
      ]
    },
    "tslib@2.7.0": {
      "integrity": "sha512-gLXCKdN1/j47AiHiOkJN69hJmcbGTHI0ImLmbYLHykhgeN0jVGola9yVjFgzCUklsZQMW55o+dW7IXv3RCXDzA=="
    }
  },
  "workspace": {
    "dependencies": [
      "jsr:@mary/jsx@*"
    ]
  }
}
